
Microsoft Visual Studio Solution File, Format Version 12.00
# Visual Studio Version 17
VisualStudioVersion = 17.8.34309.116
MinimumVisualStudioVersion = 10.0.40219.1
Project("{FAE04EC0-301F-11D3-BF4B-00C04F79EFBC}") = "C#10PracticeExercises", "C#10PracticeExercises\C#10PracticeExercises.csproj", "{A89CD8E4-AA24-4E29-B6E0-4030541DAD16}"
EndProject
Global
	GlobalSection(SolutionConfigurationPlatforms) = preSolution
		Debug|Any CPU = Debug|Any CPU
		Release|Any CPU = Release|Any CPU
	EndGlobalSection
	GlobalSection(ProjectConfigurationPlatforms) = postSolution
		{A89CD8E4-AA24-4E29-B6E0-4030541DAD16}.Debug|Any CPU.ActiveCfg = Debug|Any CPU
		{A89CD8E4-AA24-4E29-B6E0-4030541DAD16}.Debug|Any CPU.Build.0 = Debug|Any CPU
		{A89CD8E4-AA24-4E29-B6E0-4030541DAD16}.Release|Any CPU.ActiveCfg = Release|Any CPU
		{A89CD8E4-AA24-4E29-B6E0-4030541DAD16}.Release|Any CPU.Build.0 = Release|Any CPU
	EndGlobalSection
	GlobalSection(SolutionProperties) = preSolution
		HideSolutionNode = FALSE
	EndGlobalSection
	GlobalSection(ExtensibilityGlobals) = postSolution
		SolutionGuid = {CB1D5E03-73B5-46FD-B066-FA2F9305FA4A}
	EndGlobalSection
EndGlobal
